
Microsoft Visual Studio Solution File, Format Version 12.00
# Visual Studio 15
VisualStudioVersion = 15.0.27703.2000
MinimumVisualStudioVersion = 10.0.40219.1
Project("{FAE04EC0-301F-11D3-BF4B-00C04F79EFBC}") = "ExampleApp", "ExampleApp\ExampleApp.csproj", "{04CBE11F-8F59-4B8D-BDC8-9348A8F1BF97}"
EndProject
Global
	GlobalSection(SolutionConfigurationPlatforms) = preSolution
		Debug|Any CPU = Debug|Any CPU
		Release|Any CPU = Release|Any CPU
	EndGlobalSection
	GlobalSection(ProjectConfigurationPlatforms) = postSolution
		{04CBE11F-8F59-4B8D-BDC8-9348A8F1BF97}.Debug|Any CPU.ActiveCfg = Debug|Any CPU
		{04CBE11F-8F59-4B8D-BDC8-9348A8F1BF97}.Debug|Any CPU.Build.0 = Debug|Any CPU
		{04CBE11F-8F59-4B8D-BDC8-9348A8F1BF97}.Release|Any CPU.ActiveCfg = Release|Any CPU
		{04CBE11F-8F59-4B8D-BDC8-9348A8F1BF97}.Release|Any CPU.Build.0 = Release|Any CPU
	EndGlobalSection
	GlobalSection(SolutionProperties) = preSolution
		HideSolutionNode = FALSE
	EndGlobalSection
	GlobalSection(ExtensibilityGlobals) = postSolution
		SolutionGuid = {476595EA-2794-425B-838C-B53EE11F420D}
	EndGlobalSection
EndGlobal
